
Microsoft Visual Studio Solution File, Format Version 12.00
# Visual Studio Version 17
VisualStudioVersion = 17.11.35327.3
MinimumVisualStudioVersion = 10.0.40219.1
Project("{9A19103F-16F7-4668-BE54-9A1E7A4F7556}") = "AuthMetodology.API", "AuthMetodology\AuthMetodology.API.csproj", "{AE580985-91FB-408E-B971-EEDFDA672303}"
EndProject
Project("{9A19103F-16F7-4668-BE54-9A1E7A4F7556}") = "AuthMetodology.Logic", "AuthMetodology.Logic\AuthMetodology.Logic.csproj", "{19910E4D-2409-4FE7-9104-5A5FD1D3A868}"
EndProject
Project("{9A19103F-16F7-4668-BE54-9A1E7A4F7556}") = "AuthMetodology.Persistence", "AuthMetodology.Persistence\AuthMetodology.Persistence.csproj", "{A5745DA0-FD0F-4AA7-A48B-BBFA39D2C333}"
EndProject
Project("{9A19103F-16F7-4668-BE54-9A1E7A4F7556}") = "AuthMetodology.Application", "AuthMetodology.Application\AuthMetodology.Application.csproj", "{60D3DA9C-FCE8-48E6-AF38-F12A388CCEBE}"
EndProject
Project("{9A19103F-16F7-4668-BE54-9A1E7A4F7556}") = "AuthMetodology.Infrastructure", "AuthMetodology.Infrastructure\AuthMetodology.Infrastructure.csproj", "{CF43EE89-C003-4D33-A43D-353F6588B652}"
EndProject
Project("{FAE04EC0-301F-11D3-BF4B-00C04F79EFBC}") = "AuthMetodology.API.xUnitTests", "AuthMetodology.API.xUnitTests\AuthMetodology.API.xUnitTests.csproj", "{C57A6371-0FE1-4C88-9A0A-C4C46A884577}"
EndProject
Global
	GlobalSection(SolutionConfigurationPlatforms) = preSolution
		Debug|Any CPU = Debug|Any CPU
		Release|Any CPU = Release|Any CPU
	EndGlobalSection
	GlobalSection(ProjectConfigurationPlatforms) = postSolution
		{AE580985-91FB-408E-B971-EEDFDA672303}.Debug|Any CPU.ActiveCfg = Debug|Any CPU
		{AE580985-91FB-408E-B971-EEDFDA672303}.Debug|Any CPU.Build.0 = Debug|Any CPU
		{AE580985-91FB-408E-B971-EEDFDA672303}.Release|Any CPU.ActiveCfg = Release|Any CPU
		{AE580985-91FB-408E-B971-EEDFDA672303}.Release|Any CPU.Build.0 = Release|Any CPU
		{19910E4D-2409-4FE7-9104-5A5FD1D3A868}.Debug|Any CPU.ActiveCfg = Debug|Any CPU
		{19910E4D-2409-4FE7-9104-5A5FD1D3A868}.Debug|Any CPU.Build.0 = Debug|Any CPU
		{19910E4D-2409-4FE7-9104-5A5FD1D3A868}.Release|Any CPU.ActiveCfg = Release|Any CPU
		{19910E4D-2409-4FE7-9104-5A5FD1D3A868}.Release|Any CPU.Build.0 = Release|Any CPU
		{A5745DA0-FD0F-4AA7-A48B-BBFA39D2C333}.Debug|Any CPU.ActiveCfg = Debug|Any CPU
		{A5745DA0-FD0F-4AA7-A48B-BBFA39D2C333}.Debug|Any CPU.Build.0 = Debug|Any CPU
		{A5745DA0-FD0F-4AA7-A48B-BBFA39D2C333}.Release|Any CPU.ActiveCfg = Release|Any CPU
		{A5745DA0-FD0F-4AA7-A48B-BBFA39D2C333}.Release|Any CPU.Build.0 = Release|Any CPU
		{60D3DA9C-FCE8-48E6-AF38-F12A388CCEBE}.Debug|Any CPU.ActiveCfg = Debug|Any CPU
		{60D3DA9C-FCE8-48E6-AF38-F12A388CCEBE}.Debug|Any CPU.Build.0 = Debug|Any CPU
		{60D3DA9C-FCE8-48E6-AF38-F12A388CCEBE}.Release|Any CPU.ActiveCfg = Release|Any CPU
		{60D3DA9C-FCE8-48E6-AF38-F12A388CCEBE}.Release|Any CPU.Build.0 = Release|Any CPU
		{CF43EE89-C003-4D33-A43D-353F6588B652}.Debug|Any CPU.ActiveCfg = Debug|Any CPU
		{CF43EE89-C003-4D33-A43D-353F6588B652}.Debug|Any CPU.Build.0 = Debug|Any CPU
		{CF43EE89-C003-4D33-A43D-353F6588B652}.Release|Any CPU.ActiveCfg = Release|Any CPU
		{CF43EE89-C003-4D33-A43D-353F6588B652}.Release|Any CPU.Build.0 = Release|Any CPU
		{C57A6371-0FE1-4C88-9A0A-C4C46A884577}.Debug|Any CPU.ActiveCfg = Debug|Any CPU
		{C57A6371-0FE1-4C88-9A0A-C4C46A884577}.Debug|Any CPU.Build.0 = Debug|Any CPU
		{C57A6371-0FE1-4C88-9A0A-C4C46A884577}.Release|Any CPU.ActiveCfg = Release|Any CPU
		{C57A6371-0FE1-4C88-9A0A-C4C46A884577}.Release|Any CPU.Build.0 = Release|Any CPU
	EndGlobalSection
	GlobalSection(SolutionProperties) = preSolution
		HideSolutionNode = FALSE
	EndGlobalSection
	GlobalSection(ExtensibilityGlobals) = postSolution
		SolutionGuid = {CB8934A9-8280-4CA1-A522-BA98C34DC2FC}
	EndGlobalSection
EndGlobal
